{
  "name": "reactive-state-nodejs",
  "version": "1.0.0",
  "lockfileVersion": 3,
  "requires": true,
  "packages": {
    "": {
      "name": "reactive-state-nodejs",
      "version": "1.0.0",
      "license": "ISC",
      "dependencies": {
        "doom-reactive-state": "^1.1.2"
      }
    },
    "node_modules/doom-reactive-state": {
      "version": "1.1.2",
      "resolved": "https://registry.npmjs.org/doom-reactive-state/-/doom-reactive-state-1.1.2.tgz",
      "integrity": "sha512-lhRxvdZ4a62esrSwhUeTKxvH6UAbuTYpyLzi156cWEP6yWmNECXHS51l8Owcb+t3TXMa5d+yZWqDMHvBea94kQ=="
    }
  }
}
