{
  "name": "reactive-state-nodejs",
  "version": "1.0.0",
  "lockfileVersion": 2,
  "requires": true,
  "packages": {
    "": {
      "name": "reactive-state-nodejs",
      "version": "1.0.0",
      "license": "ISC",
      "dependencies": {
        "doom-reactive-js": "^0.0.8"
      }
    },
    "node_modules/doom-reactive-js": {
      "version": "0.0.8",
      "resolved": "https://registry.npmjs.org/doom-reactive-js/-/doom-reactive-js-0.0.8.tgz",
      "integrity": "sha512-ZK5DxprdF8+MJ87QX14QHI7RdMFvGrPi9FrcEQQ3zp1Cy8ZOrJtHLTXuw+AIGx6rhOrUM1N8hAlkQueohD1QDw=="
    }
  },
  "dependencies": {
    "doom-reactive-js": {
      "version": "0.0.8",
      "resolved": "https://registry.npmjs.org/doom-reactive-js/-/doom-reactive-js-0.0.8.tgz",
      "integrity": "sha512-ZK5DxprdF8+MJ87QX14QHI7RdMFvGrPi9FrcEQQ3zp1Cy8ZOrJtHLTXuw+AIGx6rhOrUM1N8hAlkQueohD1QDw=="
    }
  }
}
